// !$*UTF8*$!
{
	archiveVersion = 1;
	classes = {
	};
	objectVersion = 55;
	objects = {

/* Begin PBXBuildFile section */
		F4028019270BBC3F007330A4 /* RankingDetailView.swift in Sources */ = {isa = PBXBuildFile; fileRef = F4028018270BBC3F007330A4 /* RankingDetailView.swift */; };
		F429CA3C27095BE5005CDD2A /* String+CamelCaseToWords.swift in Sources */ = {isa = PBXBuildFile; fileRef = F429CA3B27095BE5005CDD2A /* String+CamelCaseToWords.swift */; };
		F429CA44270A0557005CDD2A /* ButtonStyles.swift in Sources */ = {isa = PBXBuildFile; fileRef = F429CA43270A0557005CDD2A /* ButtonStyles.swift */; };
		F438824C270AA5120089518A /* WidgetKit.framework in Frameworks */ = {isa = PBXBuildFile; fileRef = F438824B270AA5120089518A /* WidgetKit.framework */; };
		F438824E270AA5120089518A /* SwiftUI.framework in Frameworks */ = {isa = PBXBuildFile; fileRef = F438824D270AA5120089518A /* SwiftUI.framework */; };
		F4388251270AA5120089518A /* TopFourWidget.swift in Sources */ = {isa = PBXBuildFile; fileRef = F4388250270AA5120089518A /* TopFourWidget.swift */; };
		F4388253270AA5130089518A /* Assets.xcassets in Resources */ = {isa = PBXBuildFile; fileRef = F4388252270AA5130089518A /* Assets.xcassets */; };
		F4388257270AA5130089518A /* TopFourWidgetExtension.appex in Embed App Extensions */ = {isa = PBXBuildFile; fileRef = F4388249270AA5120089518A /* TopFourWidgetExtension.appex */; settings = {ATTRIBUTES = (RemoveHeadersOnCopy, ); }; };
		F445CD44270C6683008A2DE1 /* FavoriteTeams.swift in Sources */ = {isa = PBXBuildFile; fileRef = F445CD43270C6683008A2DE1 /* FavoriteTeams.swift */; };
		F445CD46270C69FD008A2DE1 /* SettingsView.swift in Sources */ = {isa = PBXBuildFile; fileRef = F445CD45270C69FD008A2DE1 /* SettingsView.swift */; };
		F445CD48270C6B74008A2DE1 /* MultiPicker.swift in Sources */ = {isa = PBXBuildFile; fileRef = F445CD47270C6B74008A2DE1 /* MultiPicker.swift */; };
		F445CD4A270C6C35008A2DE1 /* AllTeams.swift in Sources */ = {isa = PBXBuildFile; fileRef = F445CD49270C6C35008A2DE1 /* AllTeams.swift */; };
		F445CD4C270C7250008A2DE1 /* String+Identifiable.swift in Sources */ = {isa = PBXBuildFile; fileRef = F445CD4B270C7250008A2DE1 /* String+Identifiable.swift */; };
		F445CD4E270C73D4008A2DE1 /* MultiPickerView.swift in Sources */ = {isa = PBXBuildFile; fileRef = F445CD4D270C73D4008A2DE1 /* MultiPickerView.swift */; };
		F445CD50270C7D08008A2DE1 /* FavoriteTeamsSelectionView.swift in Sources */ = {isa = PBXBuildFile; fileRef = F445CD4F270C7D08008A2DE1 /* FavoriteTeamsSelectionView.swift */; };
		F445CD52270D4243008A2DE1 /* TabController.swift in Sources */ = {isa = PBXBuildFile; fileRef = F445CD51270D4243008A2DE1 /* TabController.swift */; };
		F445CD54270D4530008A2DE1 /* InfoView.swift in Sources */ = {isa = PBXBuildFile; fileRef = F445CD53270D4530008A2DE1 /* InfoView.swift */; };
		F44787A22708F095006CD2FA /* TeamRankingsApp.swift in Sources */ = {isa = PBXBuildFile; fileRef = F44787A12708F095006CD2FA /* TeamRankingsApp.swift */; };
		F44787A42708F095006CD2FA /* RankingsView.swift in Sources */ = {isa = PBXBuildFile; fileRef = F44787A32708F095006CD2FA /* RankingsView.swift */; };
		F44787A62708F097006CD2FA /* Assets.xcassets in Resources */ = {isa = PBXBuildFile; fileRef = F44787A52708F097006CD2FA /* Assets.xcassets */; };
		F44787A92708F097006CD2FA /* Preview Assets.xcassets in Resources */ = {isa = PBXBuildFile; fileRef = F44787A82708F097006CD2FA /* Preview Assets.xcassets */; };
		F44787B12708F44F006CD2FA /* Team.swift in Sources */ = {isa = PBXBuildFile; fileRef = F44787B02708F44F006CD2FA /* Team.swift */; };
		F44787B32708FAF0006CD2FA /* TeamFetcher.swift in Sources */ = {isa = PBXBuildFile; fileRef = F44787B22708FAF0006CD2FA /* TeamFetcher.swift */; };
		F44787B52708FD38006CD2FA /* LoopableStruct.swift in Sources */ = {isa = PBXBuildFile; fileRef = F44787B42708FD38006CD2FA /* LoopableStruct.swift */; };
		F44787B727090DB8006CD2FA /* TeamPickerView.swift in Sources */ = {isa = PBXBuildFile; fileRef = F44787B627090DB8006CD2FA /* TeamPickerView.swift */; };
		F44787B92709104C006CD2FA /* MainView.swift in Sources */ = {isa = PBXBuildFile; fileRef = F44787B82709104C006CD2FA /* MainView.swift */; };
		F44787BB27091113006CD2FA /* ComparisonView.swift in Sources */ = {isa = PBXBuildFile; fileRef = F44787BA27091113006CD2FA /* ComparisonView.swift */; };
		F4BC3426270E5B7800F66948 /* TipJarView.swift in Sources */ = {isa = PBXBuildFile; fileRef = F4BC3425270E5B7800F66948 /* TipJarView.swift */; };
		F4BC3428270E5D5300F66948 /* AboutView.swift in Sources */ = {isa = PBXBuildFile; fileRef = F4BC3427270E5D5300F66948 /* AboutView.swift */; };
/* End PBXBuildFile section */

/* Begin PBXContainerItemProxy section */
		F4388255270AA5130089518A /* PBXContainerItemProxy */ = {
			isa = PBXContainerItemProxy;
			containerPortal = F44787962708F095006CD2FA /* Project object */;
			proxyType = 1;
			remoteGlobalIDString = F4388248270AA5120089518A;
			remoteInfo = TopFourWidgetExtension;
		};
/* End PBXContainerItemProxy section */

/* Begin PBXCopyFilesBuildPhase section */
		F4388259270AA5130089518A /* Embed App Extensions */ = {
			isa = PBXCopyFilesBuildPhase;
			buildActionMask = 2147483647;
			dstPath = "";
			dstSubfolderSpec = 13;
			files = (
				F4388257270AA5130089518A /* TopFourWidgetExtension.appex in Embed App Extensions */,
			);
			name = "Embed App Extensions";
			runOnlyForDeploymentPostprocessing = 0;
		};
/* End PBXCopyFilesBuildPhase section */

/* Begin PBXFileReference section */
		F4028018270BBC3F007330A4 /* RankingDetailView.swift */ = {isa = PBXFileReference; lastKnownFileType = sourcecode.swift; path = RankingDetailView.swift; sourceTree = "<group>"; };
		F429CA3B27095BE5005CDD2A /* String+CamelCaseToWords.swift */ = {isa = PBXFileReference; lastKnownFileType = sourcecode.swift; path = "String+CamelCaseToWords.swift"; sourceTree = "<group>"; };
		F429CA43270A0557005CDD2A /* ButtonStyles.swift */ = {isa = PBXFileReference; lastKnownFileType = sourcecode.swift; path = ButtonStyles.swift; sourceTree = "<group>"; };
		F4388249270AA5120089518A /* TopFourWidgetExtension.appex */ = {isa = PBXFileReference; explicitFileType = "wrapper.app-extension"; includeInIndex = 0; path = TopFourWidgetExtension.appex; sourceTree = BUILT_PRODUCTS_DIR; };
		F438824B270AA5120089518A /* WidgetKit.framework */ = {isa = PBXFileReference; lastKnownFileType = wrapper.framework; name = WidgetKit.framework; path = System/Library/Frameworks/WidgetKit.framework; sourceTree = SDKROOT; };
		F438824D270AA5120089518A /* SwiftUI.framework */ = {isa = PBXFileReference; lastKnownFileType = wrapper.framework; name = SwiftUI.framework; path = System/Library/Frameworks/SwiftUI.framework; sourceTree = SDKROOT; };
		F4388250270AA5120089518A /* TopFourWidget.swift */ = {isa = PBXFileReference; lastKnownFileType = sourcecode.swift; path = TopFourWidget.swift; sourceTree = "<group>"; };
		F4388252270AA5130089518A /* Assets.xcassets */ = {isa = PBXFileReference; lastKnownFileType = folder.assetcatalog; path = Assets.xcassets; sourceTree = "<group>"; };
		F4388254270AA5130089518A /* Info.plist */ = {isa = PBXFileReference; lastKnownFileType = text.plist.xml; path = Info.plist; sourceTree = "<group>"; };
		F4388258270AA5130089518A /* TopFourWidgetExtension.entitlements */ = {isa = PBXFileReference; lastKnownFileType = text.plist.entitlements; path = TopFourWidgetExtension.entitlements; sourceTree = "<group>"; };
		F445CD43270C6683008A2DE1 /* FavoriteTeams.swift */ = {isa = PBXFileReference; lastKnownFileType = sourcecode.swift; path = FavoriteTeams.swift; sourceTree = "<group>"; };
		F445CD45270C69FD008A2DE1 /* SettingsView.swift */ = {isa = PBXFileReference; lastKnownFileType = sourcecode.swift; path = SettingsView.swift; sourceTree = "<group>"; };
		F445CD47270C6B74008A2DE1 /* MultiPicker.swift */ = {isa = PBXFileReference; lastKnownFileType = sourcecode.swift; path = MultiPicker.swift; sourceTree = "<group>"; };
		F445CD49270C6C35008A2DE1 /* AllTeams.swift */ = {isa = PBXFileReference; lastKnownFileType = sourcecode.swift; path = AllTeams.swift; sourceTree = "<group>"; };
		F445CD4B270C7250008A2DE1 /* String+Identifiable.swift */ = {isa = PBXFileReference; lastKnownFileType = sourcecode.swift; path = "String+Identifiable.swift"; sourceTree = "<group>"; };
		F445CD4D270C73D4008A2DE1 /* MultiPickerView.swift */ = {isa = PBXFileReference; lastKnownFileType = sourcecode.swift; path = MultiPickerView.swift; sourceTree = "<group>"; };
		F445CD4F270C7D08008A2DE1 /* FavoriteTeamsSelectionView.swift */ = {isa = PBXFileReference; lastKnownFileType = sourcecode.swift; path = FavoriteTeamsSelectionView.swift; sourceTree = "<group>"; };
		F445CD51270D4243008A2DE1 /* TabController.swift */ = {isa = PBXFileReference; lastKnownFileType = sourcecode.swift; path = TabController.swift; sourceTree = "<group>"; };
		F445CD53270D4530008A2DE1 /* InfoView.swift */ = {isa = PBXFileReference; lastKnownFileType = sourcecode.swift; path = InfoView.swift; sourceTree = "<group>"; };
		F447879E2708F095006CD2FA /* TeamRankings.app */ = {isa = PBXFileReference; explicitFileType = wrapper.application; includeInIndex = 0; path = TeamRankings.app; sourceTree = BUILT_PRODUCTS_DIR; };
		F44787A12708F095006CD2FA /* TeamRankingsApp.swift */ = {isa = PBXFileReference; lastKnownFileType = sourcecode.swift; path = TeamRankingsApp.swift; sourceTree = "<group>"; };
		F44787A32708F095006CD2FA /* RankingsView.swift */ = {isa = PBXFileReference; lastKnownFileType = sourcecode.swift; path = RankingsView.swift; sourceTree = "<group>"; };
		F44787A52708F097006CD2FA /* Assets.xcassets */ = {isa = PBXFileReference; lastKnownFileType = folder.assetcatalog; path = Assets.xcassets; sourceTree = "<group>"; };
		F44787A82708F097006CD2FA /* Preview Assets.xcassets */ = {isa = PBXFileReference; lastKnownFileType = folder.assetcatalog; path = "Preview Assets.xcassets"; sourceTree = "<group>"; };
		F44787AF2708F123006CD2FA /* TeamRankings.entitlements */ = {isa = PBXFileReference; lastKnownFileType = text.plist.entitlements; path = TeamRankings.entitlements; sourceTree = "<group>"; };
		F44787B02708F44F006CD2FA /* Team.swift */ = {isa = PBXFileReference; lastKnownFileType = sourcecode.swift; path = Team.swift; sourceTree = "<group>"; };
		F44787B22708FAF0006CD2FA /* TeamFetcher.swift */ = {isa = PBXFileReference; lastKnownFileType = sourcecode.swift; path = TeamFetcher.swift; sourceTree = "<group>"; };
		F44787B42708FD38006CD2FA /* LoopableStruct.swift */ = {isa = PBXFileReference; lastKnownFileType = sourcecode.swift; path = LoopableStruct.swift; sourceTree = "<group>"; };
		F44787B627090DB8006CD2FA /* TeamPickerView.swift */ = {isa = PBXFileReference; lastKnownFileType = sourcecode.swift; path = TeamPickerView.swift; sourceTree = "<group>"; };
		F44787B82709104C006CD2FA /* MainView.swift */ = {isa = PBXFileReference; lastKnownFileType = sourcecode.swift; path = MainView.swift; sourceTree = "<group>"; };
		F44787BA27091113006CD2FA /* ComparisonView.swift */ = {isa = PBXFileReference; lastKnownFileType = sourcecode.swift; path = ComparisonView.swift; sourceTree = "<group>"; };
		F4BC3425270E5B7800F66948 /* TipJarView.swift */ = {isa = PBXFileReference; lastKnownFileType = sourcecode.swift; path = TipJarView.swift; sourceTree = "<group>"; };
		F4BC3427270E5D5300F66948 /* AboutView.swift */ = {isa = PBXFileReference; lastKnownFileType = sourcecode.swift; path = AboutView.swift; sourceTree = "<group>"; };
/* End PBXFileReference section */

/* Begin PBXFrameworksBuildPhase section */
		F4388246270AA5120089518A /* Frameworks */ = {
			isa = PBXFrameworksBuildPhase;
			buildActionMask = 2147483647;
			files = (
				F438824E270AA5120089518A /* SwiftUI.framework in Frameworks */,
				F438824C270AA5120089518A /* WidgetKit.framework in Frameworks */,
			);
			runOnlyForDeploymentPostprocessing = 0;
		};
		F447879B2708F095006CD2FA /* Frameworks */ = {
			isa = PBXFrameworksBuildPhase;
			buildActionMask = 2147483647;
			files = (
			);
			runOnlyForDeploymentPostprocessing = 0;
		};
/* End PBXFrameworksBuildPhase section */

/* Begin PBXGroup section */
		F438824A270AA5120089518A /* Frameworks */ = {
			isa = PBXGroup;
			children = (
				F438824B270AA5120089518A /* WidgetKit.framework */,
				F438824D270AA5120089518A /* SwiftUI.framework */,
			);
			name = Frameworks;
			sourceTree = "<group>";
		};
		F438824F270AA5120089518A /* TopFourWidget */ = {
			isa = PBXGroup;
			children = (
				F4388250270AA5120089518A /* TopFourWidget.swift */,
				F4388252270AA5130089518A /* Assets.xcassets */,
				F4388254270AA5130089518A /* Info.plist */,
			);
			path = TopFourWidget;
			sourceTree = "<group>";
		};
		F44787952708F095006CD2FA = {
			isa = PBXGroup;
			children = (
				F4388258270AA5130089518A /* TopFourWidgetExtension.entitlements */,
				F44787A02708F095006CD2FA /* TeamRankings */,
				F438824F270AA5120089518A /* TopFourWidget */,
				F438824A270AA5120089518A /* Frameworks */,
				F447879F2708F095006CD2FA /* Products */,
			);
			sourceTree = "<group>";
		};
		F447879F2708F095006CD2FA /* Products */ = {
			isa = PBXGroup;
			children = (
				F447879E2708F095006CD2FA /* TeamRankings.app */,
				F4388249270AA5120089518A /* TopFourWidgetExtension.appex */,
			);
			name = Products;
			sourceTree = "<group>";
		};
		F44787A02708F095006CD2FA /* TeamRankings */ = {
			isa = PBXGroup;
			children = (
				F44787AF2708F123006CD2FA /* TeamRankings.entitlements */,
				F44787A12708F095006CD2FA /* TeamRankingsApp.swift */,
				F445CD51270D4243008A2DE1 /* TabController.swift */,
				F44787B82709104C006CD2FA /* MainView.swift */,
				F44787A32708F095006CD2FA /* RankingsView.swift */,
				F4028018270BBC3F007330A4 /* RankingDetailView.swift */,
				F44787BA27091113006CD2FA /* ComparisonView.swift */,
				F445CD53270D4530008A2DE1 /* InfoView.swift */,
				F445CD45270C69FD008A2DE1 /* SettingsView.swift */,
				F44787B627090DB8006CD2FA /* TeamPickerView.swift */,
				F4BC3425270E5B7800F66948 /* TipJarView.swift */,
				F4BC3427270E5D5300F66948 /* AboutView.swift */,
				F445CD49270C6C35008A2DE1 /* AllTeams.swift */,
				F445CD4B270C7250008A2DE1 /* String+Identifiable.swift */,
				F445CD47270C6B74008A2DE1 /* MultiPicker.swift */,
				F445CD4D270C73D4008A2DE1 /* MultiPickerView.swift */,
				F429CA43270A0557005CDD2A /* ButtonStyles.swift */,
				F44787B02708F44F006CD2FA /* Team.swift */,
				F445CD43270C6683008A2DE1 /* FavoriteTeams.swift */,
				F445CD4F270C7D08008A2DE1 /* FavoriteTeamsSelectionView.swift */,
				F44787B22708FAF0006CD2FA /* TeamFetcher.swift */,
				F44787B42708FD38006CD2FA /* LoopableStruct.swift */,
				F429CA3B27095BE5005CDD2A /* String+CamelCaseToWords.swift */,
				F44787A52708F097006CD2FA /* Assets.xcassets */,
				F44787A72708F097006CD2FA /* Preview Content */,
			);
			path = TeamRankings;
			sourceTree = "<group>";
		};
		F44787A72708F097006CD2FA /* Preview Content */ = {
			isa = PBXGroup;
			children = (
				F44787A82708F097006CD2FA /* Preview Assets.xcassets */,
			);
			path = "Preview Content";
			sourceTree = "<group>";
		};
/* End PBXGroup section */

/* Begin PBXNativeTarget section */
		F4388248270AA5120089518A /* TopFourWidgetExtension */ = {
			isa = PBXNativeTarget;
			buildConfigurationList = F438825C270AA5130089518A /* Build configuration list for PBXNativeTarget "TopFourWidgetExtension" */;
			buildPhases = (
				F4388245270AA5120089518A /* Sources */,
				F4388246270AA5120089518A /* Frameworks */,
				F4388247270AA5120089518A /* Resources */,
			);
			buildRules = (
			);
			dependencies = (
			);
			name = TopFourWidgetExtension;
			productName = TopFourWidgetExtension;
			productReference = F4388249270AA5120089518A /* TopFourWidgetExtension.appex */;
			productType = "com.apple.product-type.app-extension";
		};
		F447879D2708F095006CD2FA /* TeamRankings */ = {
			isa = PBXNativeTarget;
			buildConfigurationList = F44787AC2708F097006CD2FA /* Build configuration list for PBXNativeTarget "TeamRankings" */;
			buildPhases = (
				F447879A2708F095006CD2FA /* Sources */,
				F447879B2708F095006CD2FA /* Frameworks */,
				F447879C2708F095006CD2FA /* Resources */,
				F4388259270AA5130089518A /* Embed App Extensions */,
			);
			buildRules = (
			);
			dependencies = (
				F4388256270AA5130089518A /* PBXTargetDependency */,
			);
			name = TeamRankings;
			productName = TeamRankings;
			productReference = F447879E2708F095006CD2FA /* TeamRankings.app */;
			productType = "com.apple.product-type.application";
		};
/* End PBXNativeTarget section */

/* Begin PBXProject section */
		F44787962708F095006CD2FA /* Project object */ = {
			isa = PBXProject;
			attributes = {
				BuildIndependentTargetsInParallel = 1;
				LastSwiftUpdateCheck = 1300;
				LastUpgradeCheck = 1300;
				TargetAttributes = {
					F4388248270AA5120089518A = {
						CreatedOnToolsVersion = 13.0;
					};
					F447879D2708F095006CD2FA = {
						CreatedOnToolsVersion = 13.0;
					};
				};
			};
			buildConfigurationList = F44787992708F095006CD2FA /* Build configuration list for PBXProject "TeamRankings" */;
			compatibilityVersion = "Xcode 13.0";
			developmentRegion = en;
			hasScannedForEncodings = 0;
			knownRegions = (
				en,
				Base,
			);
			mainGroup = F44787952708F095006CD2FA;
			productRefGroup = F447879F2708F095006CD2FA /* Products */;
			projectDirPath = "";
			projectRoot = "";
			targets = (
				F447879D2708F095006CD2FA /* TeamRankings */,
				F4388248270AA5120089518A /* TopFourWidgetExtension */,
			);
		};
/* End PBXProject section */

/* Begin PBXResourcesBuildPhase section */
		F4388247270AA5120089518A /* Resources */ = {
			isa = PBXResourcesBuildPhase;
			buildActionMask = 2147483647;
			files = (
				F4388253270AA5130089518A /* Assets.xcassets in Resources */,
			);
			runOnlyForDeploymentPostprocessing = 0;
		};
		F447879C2708F095006CD2FA /* Resources */ = {
			isa = PBXResourcesBuildPhase;
			buildActionMask = 2147483647;
			files = (
				F44787A92708F097006CD2FA /* Preview Assets.xcassets in Resources */,
				F44787A62708F097006CD2FA /* Assets.xcassets in Resources */,
			);
			runOnlyForDeploymentPostprocessing = 0;
		};
/* End PBXResourcesBuildPhase section */

/* Begin PBXSourcesBuildPhase section */
		F4388245270AA5120089518A /* Sources */ = {
			isa = PBXSourcesBuildPhase;
			buildActionMask = 2147483647;
			files = (
				F4388251270AA5120089518A /* TopFourWidget.swift in Sources */,
			);
			runOnlyForDeploymentPostprocessing = 0;
		};
		F447879A2708F095006CD2FA /* Sources */ = {
			isa = PBXSourcesBuildPhase;
			buildActionMask = 2147483647;
			files = (
				F445CD4E270C73D4008A2DE1 /* MultiPickerView.swift in Sources */,
				F429CA44270A0557005CDD2A /* ButtonStyles.swift in Sources */,
				F4BC3428270E5D5300F66948 /* AboutView.swift in Sources */,
				F44787B32708FAF0006CD2FA /* TeamFetcher.swift in Sources */,
				F429CA3C27095BE5005CDD2A /* String+CamelCaseToWords.swift in Sources */,
				F44787B727090DB8006CD2FA /* TeamPickerView.swift in Sources */,
				F44787B12708F44F006CD2FA /* Team.swift in Sources */,
				F4BC3426270E5B7800F66948 /* TipJarView.swift in Sources */,
				F445CD50270C7D08008A2DE1 /* FavoriteTeamsSelectionView.swift in Sources */,
				F445CD48270C6B74008A2DE1 /* MultiPicker.swift in Sources */,
				F445CD54270D4530008A2DE1 /* InfoView.swift in Sources */,
				F445CD4C270C7250008A2DE1 /* String+Identifiable.swift in Sources */,
				F445CD4A270C6C35008A2DE1 /* AllTeams.swift in Sources */,
				F44787A42708F095006CD2FA /* RankingsView.swift in Sources */,
				F44787B92709104C006CD2FA /* MainView.swift in Sources */,
				F44787BB27091113006CD2FA /* ComparisonView.swift in Sources */,
				F445CD44270C6683008A2DE1 /* FavoriteTeams.swift in Sources */,
				F44787A22708F095006CD2FA /* TeamRankingsApp.swift in Sources */,
				F44787B52708FD38006CD2FA /* LoopableStruct.swift in Sources */,
				F4028019270BBC3F007330A4 /* RankingDetailView.swift in Sources */,
				F445CD52270D4243008A2DE1 /* TabController.swift in Sources */,
				F445CD46270C69FD008A2DE1 /* SettingsView.swift in Sources */,
			);
			runOnlyForDeploymentPostprocessing = 0;
		};
/* End PBXSourcesBuildPhase section */

/* Begin PBXTargetDependency section */
		F4388256270AA5130089518A /* PBXTargetDependency */ = {
			isa = PBXTargetDependency;
			target = F4388248270AA5120089518A /* TopFourWidgetExtension */;
			targetProxy = F4388255270AA5130089518A /* PBXContainerItemProxy */;
		};
/* End PBXTargetDependency section */

/* Begin XCBuildConfiguration section */
		F438825A270AA5130089518A /* Debug */ = {
			isa = XCBuildConfiguration;
			buildSettings = {
				ASSETCATALOG_COMPILER_GLOBAL_ACCENT_COLOR_NAME = AccentColor;
				ASSETCATALOG_COMPILER_WIDGET_BACKGROUND_COLOR_NAME = WidgetBackground;
				CODE_SIGN_ENTITLEMENTS = TopFourWidgetExtension.entitlements;
				CODE_SIGN_STYLE = Automatic;
				CURRENT_PROJECT_VERSION = 5;
				DEVELOPMENT_TEAM = DJAHJZFYK7;
				GENERATE_INFOPLIST_FILE = YES;
				INFOPLIST_FILE = TopFourWidget/Info.plist;
				INFOPLIST_KEY_CFBundleDisplayName = TopFourWidget;
				INFOPLIST_KEY_NSHumanReadableCopyright = "";
				LD_RUNPATH_SEARCH_PATHS = (
					"$(inherited)",
					"@executable_path/Frameworks",
					"@executable_path/../../Frameworks",
				);
				MARKETING_VERSION = 1.0;
				PRODUCT_BUNDLE_IDENTIFIER = com.ryantoken.TeamRankings.TopFourWidget;
				PRODUCT_NAME = "$(TARGET_NAME)";
				SKIP_INSTALL = YES;
				SUPPORTS_MACCATALYST = YES;
				SWIFT_EMIT_LOC_STRINGS = YES;
				SWIFT_VERSION = 5.0;
				TARGETED_DEVICE_FAMILY = "1,2";
			};
			name = Debug;
		};
		F438825B270AA5130089518A /* Release */ = {
			isa = XCBuildConfiguration;
			buildSettings = {
				ASSETCATALOG_COMPILER_GLOBAL_ACCENT_COLOR_NAME = AccentColor;
				ASSETCATALOG_COMPILER_WIDGET_BACKGROUND_COLOR_NAME = WidgetBackground;
				CODE_SIGN_ENTITLEMENTS = TopFourWidgetExtension.entitlements;
				CODE_SIGN_STYLE = Automatic;
				CURRENT_PROJECT_VERSION = 5;
				DEVELOPMENT_TEAM = DJAHJZFYK7;
				GENERATE_INFOPLIST_FILE = YES;
				INFOPLIST_FILE = TopFourWidget/Info.plist;
				INFOPLIST_KEY_CFBundleDisplayName = TopFourWidget;
				INFOPLIST_KEY_NSHumanReadableCopyright = "";
				LD_RUNPATH_SEARCH_PATHS = (
					"$(inherited)",
					"@executable_path/Frameworks",
					"@executable_path/../../Frameworks",
				);
				MARKETING_VERSION = 1.0;
				PRODUCT_BUNDLE_IDENTIFIER = com.ryantoken.TeamRankings.TopFourWidget;
				PRODUCT_NAME = "$(TARGET_NAME)";
				SKIP_INSTALL = YES;
				SUPPORTS_MACCATALYST = YES;
				SWIFT_EMIT_LOC_STRINGS = YES;
				SWIFT_VERSION = 5.0;
				TARGETED_DEVICE_FAMILY = "1,2";
			};
			name = Release;
		};
		F44787AA2708F097006CD2FA /* Debug */ = {
			isa = XCBuildConfiguration;
			buildSettings = {
				ALWAYS_SEARCH_USER_PATHS = NO;
				CLANG_ANALYZER_NONNULL = YES;
				CLANG_ANALYZER_NUMBER_OBJECT_CONVERSION = YES_AGGRESSIVE;
				CLANG_CXX_LANGUAGE_STANDARD = "gnu++17";
				CLANG_CXX_LIBRARY = "libc++";
				CLANG_ENABLE_MODULES = YES;
				CLANG_ENABLE_OBJC_ARC = YES;
				CLANG_ENABLE_OBJC_WEAK = YES;
				CLANG_WARN_BLOCK_CAPTURE_AUTORELEASING = YES;
				CLANG_WARN_BOOL_CONVERSION = YES;
				CLANG_WARN_COMMA = YES;
				CLANG_WARN_CONSTANT_CONVERSION = YES;
				CLANG_WARN_DEPRECATED_OBJC_IMPLEMENTATIONS = YES;
				CLANG_WARN_DIRECT_OBJC_ISA_USAGE = YES_ERROR;
				CLANG_WARN_DOCUMENTATION_COMMENTS = YES;
				CLANG_WARN_EMPTY_BODY = YES;
				CLANG_WARN_ENUM_CONVERSION = YES;
				CLANG_WARN_INFINITE_RECURSION = YES;
				CLANG_WARN_INT_CONVERSION = YES;
				CLANG_WARN_NON_LITERAL_NULL_CONVERSION = YES;
				CLANG_WARN_OBJC_IMPLICIT_RETAIN_SELF = YES;
				CLANG_WARN_OBJC_LITERAL_CONVERSION = YES;
				CLANG_WARN_OBJC_ROOT_CLASS = YES_ERROR;
				CLANG_WARN_QUOTED_INCLUDE_IN_FRAMEWORK_HEADER = YES;
				CLANG_WARN_RANGE_LOOP_ANALYSIS = YES;
				CLANG_WARN_STRICT_PROTOTYPES = YES;
				CLANG_WARN_SUSPICIOUS_MOVE = YES;
				CLANG_WARN_UNGUARDED_AVAILABILITY = YES_AGGRESSIVE;
				CLANG_WARN_UNREACHABLE_CODE = YES;
				CLANG_WARN__DUPLICATE_METHOD_MATCH = YES;
				COPY_PHASE_STRIP = NO;
				DEBUG_INFORMATION_FORMAT = dwarf;
				ENABLE_STRICT_OBJC_MSGSEND = YES;
				ENABLE_TESTABILITY = YES;
				GCC_C_LANGUAGE_STANDARD = gnu11;
				GCC_DYNAMIC_NO_PIC = NO;
				GCC_NO_COMMON_BLOCKS = YES;
				GCC_OPTIMIZATION_LEVEL = 0;
				GCC_PREPROCESSOR_DEFINITIONS = (
					"DEBUG=1",
					"$(inherited)",
				);
				GCC_WARN_64_TO_32_BIT_CONVERSION = YES;
				GCC_WARN_ABOUT_RETURN_TYPE = YES_ERROR;
				GCC_WARN_UNDECLARED_SELECTOR = YES;
				GCC_WARN_UNINITIALIZED_AUTOS = YES_AGGRESSIVE;
				GCC_WARN_UNUSED_FUNCTION = YES;
				GCC_WARN_UNUSED_VARIABLE = YES;
				IPHONEOS_DEPLOYMENT_TARGET = 15.0;
				MTL_ENABLE_DEBUG_INFO = INCLUDE_SOURCE;
				MTL_FAST_MATH = YES;
				ONLY_ACTIVE_ARCH = YES;
				SDKROOT = iphoneos;
				SWIFT_ACTIVE_COMPILATION_CONDITIONS = DEBUG;
				SWIFT_OPTIMIZATION_LEVEL = "-Onone";
			};
			name = Debug;
		};
		F44787AB2708F097006CD2FA /* Release */ = {
			isa = XCBuildConfiguration;
			buildSettings = {
				ALWAYS_SEARCH_USER_PATHS = NO;
				CLANG_ANALYZER_NONNULL = YES;
				CLANG_ANALYZER_NUMBER_OBJECT_CONVERSION = YES_AGGRESSIVE;
				CLANG_CXX_LANGUAGE_STANDARD = "gnu++17";
				CLANG_CXX_LIBRARY = "libc++";
				CLANG_ENABLE_MODULES = YES;
				CLANG_ENABLE_OBJC_ARC = YES;
				CLANG_ENABLE_OBJC_WEAK = YES;
				CLANG_WARN_BLOCK_CAPTURE_AUTORELEASING = YES;
				CLANG_WARN_BOOL_CONVERSION = YES;
				CLANG_WARN_COMMA = YES;
				CLANG_WARN_CONSTANT_CONVERSION = YES;
				CLANG_WARN_DEPRECATED_OBJC_IMPLEMENTATIONS = YES;
				CLANG_WARN_DIRECT_OBJC_ISA_USAGE = YES_ERROR;
				CLANG_WARN_DOCUMENTATION_COMMENTS = YES;
				CLANG_WARN_EMPTY_BODY = YES;
				CLANG_WARN_ENUM_CONVERSION = YES;
				CLANG_WARN_INFINITE_RECURSION = YES;
				CLANG_WARN_INT_CONVERSION = YES;
				CLANG_WARN_NON_LITERAL_NULL_CONVERSION = YES;
				CLANG_WARN_OBJC_IMPLICIT_RETAIN_SELF = YES;
				CLANG_WARN_OBJC_LITERAL_CONVERSION = YES;
				CLANG_WARN_OBJC_ROOT_CLASS = YES_ERROR;
				CLANG_WARN_QUOTED_INCLUDE_IN_FRAMEWORK_HEADER = YES;
				CLANG_WARN_RANGE_LOOP_ANALYSIS = YES;
				CLANG_WARN_STRICT_PROTOTYPES = YES;
				CLANG_WARN_SUSPICIOUS_MOVE = YES;
				CLANG_WARN_UNGUARDED_AVAILABILITY = YES_AGGRESSIVE;
				CLANG_WARN_UNREACHABLE_CODE = YES;
				CLANG_WARN__DUPLICATE_METHOD_MATCH = YES;
				COPY_PHASE_STRIP = NO;
				DEBUG_INFORMATION_FORMAT = "dwarf-with-dsym";
				ENABLE_NS_ASSERTIONS = NO;
				ENABLE_STRICT_OBJC_MSGSEND = YES;
				GCC_C_LANGUAGE_STANDARD = gnu11;
				GCC_NO_COMMON_BLOCKS = YES;
				GCC_WARN_64_TO_32_BIT_CONVERSION = YES;
				GCC_WARN_ABOUT_RETURN_TYPE = YES_ERROR;
				GCC_WARN_UNDECLARED_SELECTOR = YES;
				GCC_WARN_UNINITIALIZED_AUTOS = YES_AGGRESSIVE;
				GCC_WARN_UNUSED_FUNCTION = YES;
				GCC_WARN_UNUSED_VARIABLE = YES;
				IPHONEOS_DEPLOYMENT_TARGET = 15.0;
				MTL_ENABLE_DEBUG_INFO = NO;
				MTL_FAST_MATH = YES;
				SDKROOT = iphoneos;
				SWIFT_COMPILATION_MODE = wholemodule;
				SWIFT_OPTIMIZATION_LEVEL = "-O";
				VALIDATE_PRODUCT = YES;
			};
			name = Release;
		};
		F44787AD2708F097006CD2FA /* Debug */ = {
			isa = XCBuildConfiguration;
			buildSettings = {
				ALWAYS_EMBED_SWIFT_STANDARD_LIBRARIES = YES;
				ASSETCATALOG_COMPILER_APPICON_NAME = AppIcon;
				ASSETCATALOG_COMPILER_GLOBAL_ACCENT_COLOR_NAME = AccentColor;
				CODE_SIGN_ENTITLEMENTS = TeamRankings/TeamRankings.entitlements;
				CODE_SIGN_STYLE = Automatic;
				CURRENT_PROJECT_VERSION = 5;
				DEVELOPMENT_ASSET_PATHS = "\"TeamRankings/Preview Content\"";
				DEVELOPMENT_TEAM = DJAHJZFYK7;
				ENABLE_PREVIEWS = YES;
				GENERATE_INFOPLIST_FILE = YES;
				INFOPLIST_KEY_UIApplicationSceneManifest_Generation = YES;
				INFOPLIST_KEY_UIApplicationSupportsIndirectInputEvents = YES;
				INFOPLIST_KEY_UILaunchScreen_Generation = YES;
				INFOPLIST_KEY_UISupportedInterfaceOrientations_iPad = "UIInterfaceOrientationPortrait UIInterfaceOrientationPortraitUpsideDown UIInterfaceOrientationLandscapeLeft UIInterfaceOrientationLandscapeRight";
				INFOPLIST_KEY_UISupportedInterfaceOrientations_iPhone = "UIInterfaceOrientationPortrait UIInterfaceOrientationLandscapeLeft UIInterfaceOrientationLandscapeRight";
				IPHONEOS_DEPLOYMENT_TARGET = 15.0;
				LD_RUNPATH_SEARCH_PATHS = (
					"$(inherited)",
					"@executable_path/Frameworks",
				);
				MARKETING_VERSION = 1.0;
				PRODUCT_BUNDLE_IDENTIFIER = com.ryantoken.TeamRankings;
				PRODUCT_NAME = "$(TARGET_NAME)";
				SUPPORTS_MACCATALYST = YES;
				SWIFT_EMIT_LOC_STRINGS = YES;
				SWIFT_VERSION = 5.0;
				TARGETED_DEVICE_FAMILY = "1,2";
			};
			name = Debug;
		};
		F44787AE2708F097006CD2FA /* Release */ = {
			isa = XCBuildConfiguration;
			buildSettings = {
				ALWAYS_EMBED_SWIFT_STANDARD_LIBRARIES = YES;
				ASSETCATALOG_COMPILER_APPICON_NAME = AppIcon;
				ASSETCATALOG_COMPILER_GLOBAL_ACCENT_COLOR_NAME = AccentColor;
				CODE_SIGN_ENTITLEMENTS = TeamRankings/TeamRankings.entitlements;
				CODE_SIGN_STYLE = Automatic;
				CURRENT_PROJECT_VERSION = 5;
				DEVELOPMENT_ASSET_PATHS = "\"TeamRankings/Preview Content\"";
				DEVELOPMENT_TEAM = DJAHJZFYK7;
				ENABLE_PREVIEWS = YES;
				GENERATE_INFOPLIST_FILE = YES;
				INFOPLIST_KEY_UIApplicationSceneManifest_Generation = YES;
				INFOPLIST_KEY_UIApplicationSupportsIndirectInputEvents = YES;
				INFOPLIST_KEY_UILaunchScreen_Generation = YES;
				INFOPLIST_KEY_UISupportedInterfaceOrientations_iPad = "UIInterfaceOrientationPortrait UIInterfaceOrientationPortraitUpsideDown UIInterfaceOrientationLandscapeLeft UIInterfaceOrientationLandscapeRight";
				INFOPLIST_KEY_UISupportedInterfaceOrientations_iPhone = "UIInterfaceOrientationPortrait UIInterfaceOrientationLandscapeLeft UIInterfaceOrientationLandscapeRight";
				IPHONEOS_DEPLOYMENT_TARGET = 15.0;
				LD_RUNPATH_SEARCH_PATHS = (
					"$(inherited)",
					"@executable_path/Frameworks",
				);
				MARKETING_VERSION = 1.0;
				PRODUCT_BUNDLE_IDENTIFIER = com.ryantoken.TeamRankings;
				PRODUCT_NAME = "$(TARGET_NAME)";
				SUPPORTS_MACCATALYST = YES;
				SWIFT_EMIT_LOC_STRINGS = YES;
				SWIFT_VERSION = 5.0;
				TARGETED_DEVICE_FAMILY = "1,2";
			};
			name = Release;
		};
/* End XCBuildConfiguration section */

/* Begin XCConfigurationList section */
		F438825C270AA5130089518A /* Build configuration list for PBXNativeTarget "TopFourWidgetExtension" */ = {
			isa = XCConfigurationList;
			buildConfigurations = (
				F438825A270AA5130089518A /* Debug */,
				F438825B270AA5130089518A /* Release */,
			);
			defaultConfigurationIsVisible = 0;
			defaultConfigurationName = Release;
		};
		F44787992708F095006CD2FA /* Build configuration list for PBXProject "TeamRankings" */ = {
			isa = XCConfigurationList;
			buildConfigurations = (
				F44787AA2708F097006CD2FA /* Debug */,
				F44787AB2708F097006CD2FA /* Release */,
			);
			defaultConfigurationIsVisible = 0;
			defaultConfigurationName = Release;
		};
		F44787AC2708F097006CD2FA /* Build configuration list for PBXNativeTarget "TeamRankings" */ = {
			isa = XCConfigurationList;
			buildConfigurations = (
				F44787AD2708F097006CD2FA /* Debug */,
				F44787AE2708F097006CD2FA /* Release */,
			);
			defaultConfigurationIsVisible = 0;
			defaultConfigurationName = Release;
		};
/* End XCConfigurationList section */
	};
	rootObject = F44787962708F095006CD2FA /* Project object */;
}
