// !$*UTF8*$!
{
	archiveVersion = 1;
	classes = {
	};
	objectVersion = 55;
	objects = {

/* Begin PBXBuildFile section */
		F44787A22708F095006CD2FA /* TeamRankingsApp.swift in Sources */ = {isa = PBXBuildFile; fileRef = F44787A12708F095006CD2FA /* TeamRankingsApp.swift */; };
		F44787A42708F095006CD2FA /* HomeView.swift in Sources */ = {isa = PBXBuildFile; fileRef = F44787A32708F095006CD2FA /* HomeView.swift */; };
		F44787A62708F097006CD2FA /* Assets.xcassets in Resources */ = {isa = PBXBuildFile; fileRef = F44787A52708F097006CD2FA /* Assets.xcassets */; };
		F44787A92708F097006CD2FA /* Preview Assets.xcassets in Resources */ = {isa = PBXBuildFile; fileRef = F44787A82708F097006CD2FA /* Preview Assets.xcassets */; };
		F44787B12708F44F006CD2FA /* Team.swift in Sources */ = {isa = PBXBuildFile; fileRef = F44787B02708F44F006CD2FA /* Team.swift */; };
		F44787B32708FAF0006CD2FA /* TeamFetcher.swift in Sources */ = {isa = PBXBuildFile; fileRef = F44787B22708FAF0006CD2FA /* TeamFetcher.swift */; };
		F44787B52708FD38006CD2FA /* LoopableStruct.swift in Sources */ = {isa = PBXBuildFile; fileRef = F44787B42708FD38006CD2FA /* LoopableStruct.swift */; };
		F44787B727090DB8006CD2FA /* TeamPickerView.swift in Sources */ = {isa = PBXBuildFile; fileRef = F44787B627090DB8006CD2FA /* TeamPickerView.swift */; };
		F44787B92709104C006CD2FA /* MainView.swift in Sources */ = {isa = PBXBuildFile; fileRef = F44787B82709104C006CD2FA /* MainView.swift */; };
		F44787BB27091113006CD2FA /* ComparisonView.swift in Sources */ = {isa = PBXBuildFile; fileRef = F44787BA27091113006CD2FA /* ComparisonView.swift */; };
/* End PBXBuildFile section */

/* Begin PBXFileReference section */
		F447879E2708F095006CD2FA /* TeamRankings.app */ = {isa = PBXFileReference; explicitFileType = wrapper.application; includeInIndex = 0; path = TeamRankings.app; sourceTree = BUILT_PRODUCTS_DIR; };
		F44787A12708F095006CD2FA /* TeamRankingsApp.swift */ = {isa = PBXFileReference; lastKnownFileType = sourcecode.swift; path = TeamRankingsApp.swift; sourceTree = "<group>"; };
		F44787A32708F095006CD2FA /* HomeView.swift */ = {isa = PBXFileReference; lastKnownFileType = sourcecode.swift; path = HomeView.swift; sourceTree = "<group>"; };
		F44787A52708F097006CD2FA /* Assets.xcassets */ = {isa = PBXFileReference; lastKnownFileType = folder.assetcatalog; path = Assets.xcassets; sourceTree = "<group>"; };
		F44787A82708F097006CD2FA /* Preview Assets.xcassets */ = {isa = PBXFileReference; lastKnownFileType = folder.assetcatalog; path = "Preview Assets.xcassets"; sourceTree = "<group>"; };
		F44787AF2708F123006CD2FA /* TeamRankings.entitlements */ = {isa = PBXFileReference; lastKnownFileType = text.plist.entitlements; path = TeamRankings.entitlements; sourceTree = "<group>"; };
		F44787B02708F44F006CD2FA /* Team.swift */ = {isa = PBXFileReference; lastKnownFileType = sourcecode.swift; path = Team.swift; sourceTree = "<group>"; };
		F44787B22708FAF0006CD2FA /* TeamFetcher.swift */ = {isa = PBXFileReference; lastKnownFileType = sourcecode.swift; path = TeamFetcher.swift; sourceTree = "<group>"; };
		F44787B42708FD38006CD2FA /* LoopableStruct.swift */ = {isa = PBXFileReference; lastKnownFileType = sourcecode.swift; path = LoopableStruct.swift; sourceTree = "<group>"; };
		F44787B627090DB8006CD2FA /* TeamPickerView.swift */ = {isa = PBXFileReference; lastKnownFileType = sourcecode.swift; path = TeamPickerView.swift; sourceTree = "<group>"; };
		F44787B82709104C006CD2FA /* MainView.swift */ = {isa = PBXFileReference; lastKnownFileType = sourcecode.swift; path = MainView.swift; sourceTree = "<group>"; };
		F44787BA27091113006CD2FA /* ComparisonView.swift */ = {isa = PBXFileReference; lastKnownFileType = sourcecode.swift; path = ComparisonView.swift; sourceTree = "<group>"; };
/* End PBXFileReference section */

/* Begin PBXFrameworksBuildPhase section */
		F447879B2708F095006CD2FA /* Frameworks */ = {
			isa = PBXFrameworksBuildPhase;
			buildActionMask = 2147483647;
			files = (
			);
			runOnlyForDeploymentPostprocessing = 0;
		};
/* End PBXFrameworksBuildPhase section */

/* Begin PBXGroup section */
		F44787952708F095006CD2FA = {
			isa = PBXGroup;
			children = (
				F44787A02708F095006CD2FA /* TeamRankings */,
				F447879F2708F095006CD2FA /* Products */,
			);
			sourceTree = "<group>";
		};
		F447879F2708F095006CD2FA /* Products */ = {
			isa = PBXGroup;
			children = (
				F447879E2708F095006CD2FA /* TeamRankings.app */,
			);
			name = Products;
			sourceTree = "<group>";
		};
		F44787A02708F095006CD2FA /* TeamRankings */ = {
			isa = PBXGroup;
			children = (
				F44787AF2708F123006CD2FA /* TeamRankings.entitlements */,
				F44787A12708F095006CD2FA /* TeamRankingsApp.swift */,
				F44787A32708F095006CD2FA /* HomeView.swift */,
				F44787B82709104C006CD2FA /* MainView.swift */,
				F44787BA27091113006CD2FA /* ComparisonView.swift */,
				F44787B627090DB8006CD2FA /* TeamPickerView.swift */,
				F44787B42708FD38006CD2FA /* LoopableStruct.swift */,
				F44787B22708FAF0006CD2FA /* TeamFetcher.swift */,
				F44787B02708F44F006CD2FA /* Team.swift */,
				F44787A52708F097006CD2FA /* Assets.xcassets */,
				F44787A72708F097006CD2FA /* Preview Content */,
			);
			path = TeamRankings;
			sourceTree = "<group>";
		};
		F44787A72708F097006CD2FA /* Preview Content */ = {
			isa = PBXGroup;
			children = (
				F44787A82708F097006CD2FA /* Preview Assets.xcassets */,
			);
			path = "Preview Content";
			sourceTree = "<group>";
		};
/* End PBXGroup section */

/* Begin PBXNativeTarget section */
		F447879D2708F095006CD2FA /* TeamRankings */ = {
			isa = PBXNativeTarget;
			buildConfigurationList = F44787AC2708F097006CD2FA /* Build configuration list for PBXNativeTarget "TeamRankings" */;
			buildPhases = (
				F447879A2708F095006CD2FA /* Sources */,
				F447879B2708F095006CD2FA /* Frameworks */,
				F447879C2708F095006CD2FA /* Resources */,
			);
			buildRules = (
			);
			dependencies = (
			);
			name = TeamRankings;
			productName = TeamRankings;
			productReference = F447879E2708F095006CD2FA /* TeamRankings.app */;
			productType = "com.apple.product-type.application";
		};
/* End PBXNativeTarget section */

/* Begin PBXProject section */
		F44787962708F095006CD2FA /* Project object */ = {
			isa = PBXProject;
			attributes = {
				BuildIndependentTargetsInParallel = 1;
				LastSwiftUpdateCheck = 1300;
				LastUpgradeCheck = 1300;
				TargetAttributes = {
					F447879D2708F095006CD2FA = {
						CreatedOnToolsVersion = 13.0;
					};
				};
			};
			buildConfigurationList = F44787992708F095006CD2FA /* Build configuration list for PBXProject "TeamRankings" */;
			compatibilityVersion = "Xcode 13.0";
			developmentRegion = en;
			hasScannedForEncodings = 0;
			knownRegions = (
				en,
				Base,
			);
			mainGroup = F44787952708F095006CD2FA;
			productRefGroup = F447879F2708F095006CD2FA /* Products */;
			projectDirPath = "";
			projectRoot = "";
			targets = (
				F447879D2708F095006CD2FA /* TeamRankings */,
			);
		};
/* End PBXProject section */

/* Begin PBXResourcesBuildPhase section */
		F447879C2708F095006CD2FA /* Resources */ = {
			isa = PBXResourcesBuildPhase;
			buildActionMask = 2147483647;
			files = (
				F44787A92708F097006CD2FA /* Preview Assets.xcassets in Resources */,
				F44787A62708F097006CD2FA /* Assets.xcassets in Resources */,
			);
			runOnlyForDeploymentPostprocessing = 0;
		};
/* End PBXResourcesBuildPhase section */

/* Begin PBXSourcesBuildPhase section */
		F447879A2708F095006CD2FA /* Sources */ = {
			isa = PBXSourcesBuildPhase;
			buildActionMask = 2147483647;
			files = (
				F44787B32708FAF0006CD2FA /* TeamFetcher.swift in Sources */,
				F44787B727090DB8006CD2FA /* TeamPickerView.swift in Sources */,
				F44787B12708F44F006CD2FA /* Team.swift in Sources */,
				F44787A42708F095006CD2FA /* HomeView.swift in Sources */,
				F44787B92709104C006CD2FA /* MainView.swift in Sources */,
				F44787BB27091113006CD2FA /* ComparisonView.swift in Sources */,
				F44787A22708F095006CD2FA /* TeamRankingsApp.swift in Sources */,
				F44787B52708FD38006CD2FA /* LoopableStruct.swift in Sources */,
			);
			runOnlyForDeploymentPostprocessing = 0;
		};
/* End PBXSourcesBuildPhase section */

/* Begin XCBuildConfiguration section */
		F44787AA2708F097006CD2FA /* Debug */ = {
			isa = XCBuildConfiguration;
			buildSettings = {
				ALWAYS_SEARCH_USER_PATHS = NO;
				CLANG_ANALYZER_NONNULL = YES;
				CLANG_ANALYZER_NUMBER_OBJECT_CONVERSION = YES_AGGRESSIVE;
				CLANG_CXX_LANGUAGE_STANDARD = "gnu++17";
				CLANG_CXX_LIBRARY = "libc++";
				CLANG_ENABLE_MODULES = YES;
				CLANG_ENABLE_OBJC_ARC = YES;
				CLANG_ENABLE_OBJC_WEAK = YES;
				CLANG_WARN_BLOCK_CAPTURE_AUTORELEASING = YES;
				CLANG_WARN_BOOL_CONVERSION = YES;
				CLANG_WARN_COMMA = YES;
				CLANG_WARN_CONSTANT_CONVERSION = YES;
				CLANG_WARN_DEPRECATED_OBJC_IMPLEMENTATIONS = YES;
				CLANG_WARN_DIRECT_OBJC_ISA_USAGE = YES_ERROR;
				CLANG_WARN_DOCUMENTATION_COMMENTS = YES;
				CLANG_WARN_EMPTY_BODY = YES;
				CLANG_WARN_ENUM_CONVERSION = YES;
				CLANG_WARN_INFINITE_RECURSION = YES;
				CLANG_WARN_INT_CONVERSION = YES;
				CLANG_WARN_NON_LITERAL_NULL_CONVERSION = YES;
				CLANG_WARN_OBJC_IMPLICIT_RETAIN_SELF = YES;
				CLANG_WARN_OBJC_LITERAL_CONVERSION = YES;
				CLANG_WARN_OBJC_ROOT_CLASS = YES_ERROR;
				CLANG_WARN_QUOTED_INCLUDE_IN_FRAMEWORK_HEADER = YES;
				CLANG_WARN_RANGE_LOOP_ANALYSIS = YES;
				CLANG_WARN_STRICT_PROTOTYPES = YES;
				CLANG_WARN_SUSPICIOUS_MOVE = YES;
				CLANG_WARN_UNGUARDED_AVAILABILITY = YES_AGGRESSIVE;
				CLANG_WARN_UNREACHABLE_CODE = YES;
				CLANG_WARN__DUPLICATE_METHOD_MATCH = YES;
				COPY_PHASE_STRIP = NO;
				DEBUG_INFORMATION_FORMAT = dwarf;
				ENABLE_STRICT_OBJC_MSGSEND = YES;
				ENABLE_TESTABILITY = YES;
				GCC_C_LANGUAGE_STANDARD = gnu11;
				GCC_DYNAMIC_NO_PIC = NO;
				GCC_NO_COMMON_BLOCKS = YES;
				GCC_OPTIMIZATION_LEVEL = 0;
				GCC_PREPROCESSOR_DEFINITIONS = (
					"DEBUG=1",
					"$(inherited)",
				);
				GCC_WARN_64_TO_32_BIT_CONVERSION = YES;
				GCC_WARN_ABOUT_RETURN_TYPE = YES_ERROR;
				GCC_WARN_UNDECLARED_SELECTOR = YES;
				GCC_WARN_UNINITIALIZED_AUTOS = YES_AGGRESSIVE;
				GCC_WARN_UNUSED_FUNCTION = YES;
				GCC_WARN_UNUSED_VARIABLE = YES;
				IPHONEOS_DEPLOYMENT_TARGET = 15.0;
				MTL_ENABLE_DEBUG_INFO = INCLUDE_SOURCE;
				MTL_FAST_MATH = YES;
				ONLY_ACTIVE_ARCH = YES;
				SDKROOT = iphoneos;
				SWIFT_ACTIVE_COMPILATION_CONDITIONS = DEBUG;
				SWIFT_OPTIMIZATION_LEVEL = "-Onone";
			};
			name = Debug;
		};
		F44787AB2708F097006CD2FA /* Release */ = {
			isa = XCBuildConfiguration;
			buildSettings = {
				ALWAYS_SEARCH_USER_PATHS = NO;
				CLANG_ANALYZER_NONNULL = YES;
				CLANG_ANALYZER_NUMBER_OBJECT_CONVERSION = YES_AGGRESSIVE;
				CLANG_CXX_LANGUAGE_STANDARD = "gnu++17";
				CLANG_CXX_LIBRARY = "libc++";
				CLANG_ENABLE_MODULES = YES;
				CLANG_ENABLE_OBJC_ARC = YES;
				CLANG_ENABLE_OBJC_WEAK = YES;
				CLANG_WARN_BLOCK_CAPTURE_AUTORELEASING = YES;
				CLANG_WARN_BOOL_CONVERSION = YES;
				CLANG_WARN_COMMA = YES;
				CLANG_WARN_CONSTANT_CONVERSION = YES;
				CLANG_WARN_DEPRECATED_OBJC_IMPLEMENTATIONS = YES;
				CLANG_WARN_DIRECT_OBJC_ISA_USAGE = YES_ERROR;
				CLANG_WARN_DOCUMENTATION_COMMENTS = YES;
				CLANG_WARN_EMPTY_BODY = YES;
				CLANG_WARN_ENUM_CONVERSION = YES;
				CLANG_WARN_INFINITE_RECURSION = YES;
				CLANG_WARN_INT_CONVERSION = YES;
				CLANG_WARN_NON_LITERAL_NULL_CONVERSION = YES;
				CLANG_WARN_OBJC_IMPLICIT_RETAIN_SELF = YES;
				CLANG_WARN_OBJC_LITERAL_CONVERSION = YES;
				CLANG_WARN_OBJC_ROOT_CLASS = YES_ERROR;
				CLANG_WARN_QUOTED_INCLUDE_IN_FRAMEWORK_HEADER = YES;
				CLANG_WARN_RANGE_LOOP_ANALYSIS = YES;
				CLANG_WARN_STRICT_PROTOTYPES = YES;
				CLANG_WARN_SUSPICIOUS_MOVE = YES;
				CLANG_WARN_UNGUARDED_AVAILABILITY = YES_AGGRESSIVE;
				CLANG_WARN_UNREACHABLE_CODE = YES;
				CLANG_WARN__DUPLICATE_METHOD_MATCH = YES;
				COPY_PHASE_STRIP = NO;
				DEBUG_INFORMATION_FORMAT = "dwarf-with-dsym";
				ENABLE_NS_ASSERTIONS = NO;
				ENABLE_STRICT_OBJC_MSGSEND = YES;
				GCC_C_LANGUAGE_STANDARD = gnu11;
				GCC_NO_COMMON_BLOCKS = YES;
				GCC_WARN_64_TO_32_BIT_CONVERSION = YES;
				GCC_WARN_ABOUT_RETURN_TYPE = YES_ERROR;
				GCC_WARN_UNDECLARED_SELECTOR = YES;
				GCC_WARN_UNINITIALIZED_AUTOS = YES_AGGRESSIVE;
				GCC_WARN_UNUSED_FUNCTION = YES;
				GCC_WARN_UNUSED_VARIABLE = YES;
				IPHONEOS_DEPLOYMENT_TARGET = 15.0;
				MTL_ENABLE_DEBUG_INFO = NO;
				MTL_FAST_MATH = YES;
				SDKROOT = iphoneos;
				SWIFT_COMPILATION_MODE = wholemodule;
				SWIFT_OPTIMIZATION_LEVEL = "-O";
				VALIDATE_PRODUCT = YES;
			};
			name = Release;
		};
		F44787AD2708F097006CD2FA /* Debug */ = {
			isa = XCBuildConfiguration;
			buildSettings = {
				ASSETCATALOG_COMPILER_APPICON_NAME = AppIcon;
				ASSETCATALOG_COMPILER_GLOBAL_ACCENT_COLOR_NAME = AccentColor;
				CODE_SIGN_ENTITLEMENTS = TeamRankings/TeamRankings.entitlements;
				CODE_SIGN_STYLE = Automatic;
				CURRENT_PROJECT_VERSION = 1;
				DEVELOPMENT_ASSET_PATHS = "\"TeamRankings/Preview Content\"";
				DEVELOPMENT_TEAM = DJAHJZFYK7;
				ENABLE_PREVIEWS = YES;
				GENERATE_INFOPLIST_FILE = YES;
				INFOPLIST_KEY_UIApplicationSceneManifest_Generation = YES;
				INFOPLIST_KEY_UIApplicationSupportsIndirectInputEvents = YES;
				INFOPLIST_KEY_UILaunchScreen_Generation = YES;
				INFOPLIST_KEY_UISupportedInterfaceOrientations_iPad = "UIInterfaceOrientationPortrait UIInterfaceOrientationPortraitUpsideDown UIInterfaceOrientationLandscapeLeft UIInterfaceOrientationLandscapeRight";
				INFOPLIST_KEY_UISupportedInterfaceOrientations_iPhone = "UIInterfaceOrientationPortrait UIInterfaceOrientationLandscapeLeft UIInterfaceOrientationLandscapeRight";
				IPHONEOS_DEPLOYMENT_TARGET = 15.0;
				LD_RUNPATH_SEARCH_PATHS = (
					"$(inherited)",
					"@executable_path/Frameworks",
				);
				MARKETING_VERSION = 1.0;
				PRODUCT_BUNDLE_IDENTIFIER = com.ryantoken.TeamRankings;
				PRODUCT_NAME = "$(TARGET_NAME)";
				SUPPORTS_MACCATALYST = YES;
				SWIFT_EMIT_LOC_STRINGS = YES;
				SWIFT_VERSION = 5.0;
				TARGETED_DEVICE_FAMILY = "1,2";
			};
			name = Debug;
		};
		F44787AE2708F097006CD2FA /* Release */ = {
			isa = XCBuildConfiguration;
			buildSettings = {
				ASSETCATALOG_COMPILER_APPICON_NAME = AppIcon;
				ASSETCATALOG_COMPILER_GLOBAL_ACCENT_COLOR_NAME = AccentColor;
				CODE_SIGN_ENTITLEMENTS = TeamRankings/TeamRankings.entitlements;
				CODE_SIGN_STYLE = Automatic;
				CURRENT_PROJECT_VERSION = 1;
				DEVELOPMENT_ASSET_PATHS = "\"TeamRankings/Preview Content\"";
				DEVELOPMENT_TEAM = DJAHJZFYK7;
				ENABLE_PREVIEWS = YES;
				GENERATE_INFOPLIST_FILE = YES;
				INFOPLIST_KEY_UIApplicationSceneManifest_Generation = YES;
				INFOPLIST_KEY_UIApplicationSupportsIndirectInputEvents = YES;
				INFOPLIST_KEY_UILaunchScreen_Generation = YES;
				INFOPLIST_KEY_UISupportedInterfaceOrientations_iPad = "UIInterfaceOrientationPortrait UIInterfaceOrientationPortraitUpsideDown UIInterfaceOrientationLandscapeLeft UIInterfaceOrientationLandscapeRight";
				INFOPLIST_KEY_UISupportedInterfaceOrientations_iPhone = "UIInterfaceOrientationPortrait UIInterfaceOrientationLandscapeLeft UIInterfaceOrientationLandscapeRight";
				IPHONEOS_DEPLOYMENT_TARGET = 15.0;
				LD_RUNPATH_SEARCH_PATHS = (
					"$(inherited)",
					"@executable_path/Frameworks",
				);
				MARKETING_VERSION = 1.0;
				PRODUCT_BUNDLE_IDENTIFIER = com.ryantoken.TeamRankings;
				PRODUCT_NAME = "$(TARGET_NAME)";
				SUPPORTS_MACCATALYST = YES;
				SWIFT_EMIT_LOC_STRINGS = YES;
				SWIFT_VERSION = 5.0;
				TARGETED_DEVICE_FAMILY = "1,2";
			};
			name = Release;
		};
/* End XCBuildConfiguration section */

/* Begin XCConfigurationList section */
		F44787992708F095006CD2FA /* Build configuration list for PBXProject "TeamRankings" */ = {
			isa = XCConfigurationList;
			buildConfigurations = (
				F44787AA2708F097006CD2FA /* Debug */,
				F44787AB2708F097006CD2FA /* Release */,
			);
			defaultConfigurationIsVisible = 0;
			defaultConfigurationName = Release;
		};
		F44787AC2708F097006CD2FA /* Build configuration list for PBXNativeTarget "TeamRankings" */ = {
			isa = XCConfigurationList;
			buildConfigurations = (
				F44787AD2708F097006CD2FA /* Debug */,
				F44787AE2708F097006CD2FA /* Release */,
			);
			defaultConfigurationIsVisible = 0;
			defaultConfigurationName = Release;
		};
/* End XCConfigurationList section */
	};
	rootObject = F44787962708F095006CD2FA /* Project object */;
}
